
Microsoft Visual Studio Solution File, Format Version 12.00
# Visual Studio Version 17
VisualStudioVersion = 17.11.35327.3
MinimumVisualStudioVersion = 10.0.40219.1
Project("{FAE04EC0-301F-11D3-BF4B-00C04F79EFBC}") = "SistemaGestionPedidos", "SistemaGestionPedidos\SistemaGestionPedidos.csproj", "{332DFA58-9DBB-4EDF-BC67-D79A857B4928}"
EndProject
Global
	GlobalSection(SolutionConfigurationPlatforms) = preSolution
		Debug|Any CPU = Debug|Any CPU
		Release|Any CPU = Release|Any CPU
	EndGlobalSection
	GlobalSection(ProjectConfigurationPlatforms) = postSolution
		{332DFA58-9DBB-4EDF-BC67-D79A857B4928}.Debug|Any CPU.ActiveCfg = Debug|Any CPU
		{332DFA58-9DBB-4EDF-BC67-D79A857B4928}.Debug|Any CPU.Build.0 = Debug|Any CPU
		{332DFA58-9DBB-4EDF-BC67-D79A857B4928}.Release|Any CPU.ActiveCfg = Release|Any CPU
		{332DFA58-9DBB-4EDF-BC67-D79A857B4928}.Release|Any CPU.Build.0 = Release|Any CPU
	EndGlobalSection
	GlobalSection(SolutionProperties) = preSolution
		HideSolutionNode = FALSE
	EndGlobalSection
	GlobalSection(ExtensibilityGlobals) = postSolution
		SolutionGuid = {28708140-8D0C-4605-BCA3-737122FB61A8}
	EndGlobalSection
EndGlobal
